dependencies:
- name: polyad-crds
  repository: file://../polyad-crds
  version: 0.0.1-alpha3
- name: reloader
  repository: https://stakater.github.io/stakater-charts
  version: 2.2.17
- name: kube-prometheus-stack
  repository: https://prometheus-community.github.io/helm-charts
  version: 91.4.1
- name: tempo
  repository: https://grafana-community.github.io/helm-charts
  version: 2.4.0
- name: opentelemetry-collector
  repository: https://open-telemetry.github.io/opentelemetry-helm-charts
  version: 0.173.1
digest: sha256:d7fa98a530f1106fea6736d744253ab57540f798c7ff5820d574feb7eb1aa3a8
generated: "2026-09-17T21:37:12.510759-04:00"
