dependencies:
- name: keda
  repository: https://kedacore.github.io/charts
  version: 2.20.2
- name: dragonfly-operator
  repository: oci://ghcr.io/dragonflydb/dragonfly-operator/helm
  version: v1.6.1
- name: base
  repository: https://istio-release.storage.googleapis.com/charts
  version: 1.30.4
- name: istiod
  repository: https://istio-release.storage.googleapis.com/charts
  version: 1.30.4
- name: gateway
  repository: https://istio-release.storage.googleapis.com/charts
  version: 1.30.4
- name: gateway
  repository: https://istio-release.storage.googleapis.com/charts
  version: 1.30.4
digest: sha256:414d33036524f110c8a4063beb914627c16686272a4cfce3ffc85acb0c3b5be6
generated: "2026-09-17T00:55:49.254836-04:00"
