dependencies:
- name: polyad-crds
  repository: file://../polyad-crds
  version: 0.0.1-alpha3
- name: keda
  repository: https://kedacore.github.io/charts
  version: 2.20.2
- name: dragonfly-operator
  repository: oci://ghcr.io/dragonflydb/dragonfly-operator/helm
  version: v1.6.1
- name: base
  repository: https://istio-release.storage.googleapis.com/charts
  version: 1.30.4
- name: istiod
  repository: https://istio-release.storage.googleapis.com/charts
  version: 1.30.4
- name: gateway
  repository: https://istio-release.storage.googleapis.com/charts
  version: 1.30.4
- name: gateway
  repository: https://istio-release.storage.googleapis.com/charts
  version: 1.30.4
- name: gateway
  repository: https://istio-release.storage.googleapis.com/charts
  version: 1.30.4
digest: sha256:d86e7f651e2315f1bdab3ac2bca6955d248e658a7f3ece068ba575a0afbe2ca6
generated: "2026-09-19T15:22:40.90136-04:00"
