dependencies:
- name: polyad-crds
  repository: file://../polyad-crds
  version: 0.0.1-alpha3
- name: keda
  repository: https://kedacore.github.io/charts
  version: 2.20.2
- name: dragonfly-operator
  repository: oci://ghcr.io/dragonflydb/dragonfly-operator/helm
  version: v1.6.1
- name: base
  repository: https://istio-release.storage.googleapis.com/charts
  version: 1.30.4
- name: istiod
  repository: https://istio-release.storage.googleapis.com/charts
  version: 1.30.4
- name: gateway
  repository: https://istio-release.storage.googleapis.com/charts
  version: 1.30.4
- name: gateway
  repository: https://istio-release.storage.googleapis.com/charts
  version: 1.30.4
digest: sha256:dd5f341a9a86fe65d17eaefbe755626a109b256564cac115ad526d81c338bfa8
generated: "2026-09-17T20:48:26.559516-04:00"
